
Microsoft Visual Studio Solution File, Format Version 12.00
# Visual Studio Version 16
VisualStudioVersion = 16.0.30330.147
MinimumVisualStudioVersion = 10.0.40219.1
Project("{FAE04EC0-301F-11D3-BF4B-00C04F79EFBC}") = "FavoriteReddRoom", "FavoriteReddRoom\FavoriteReddRoom.csproj", "{16167BA6-9453-4E56-BBE3-99687960E789}"
EndProject
Global
	GlobalSection(SolutionConfigurationPlatforms) = preSolution
		Debug|Any CPU = Debug|Any CPU
		Release|Any CPU = Release|Any CPU
	EndGlobalSection
	GlobalSection(ProjectConfigurationPlatforms) = postSolution
		{16167BA6-9453-4E56-BBE3-99687960E789}.Debug|Any CPU.ActiveCfg = Debug|Any CPU
		{16167BA6-9453-4E56-BBE3-99687960E789}.Debug|Any CPU.Build.0 = Debug|Any CPU
		{16167BA6-9453-4E56-BBE3-99687960E789}.Release|Any CPU.ActiveCfg = Release|Any CPU
		{16167BA6-9453-4E56-BBE3-99687960E789}.Release|Any CPU.Build.0 = Release|Any CPU
	EndGlobalSection
	GlobalSection(SolutionProperties) = preSolution
		HideSolutionNode = FALSE
	EndGlobalSection
	GlobalSection(ExtensibilityGlobals) = postSolution
		SolutionGuid = {2FB9AA24-A261-4D92-8755-6AB493E1A94A}
	EndGlobalSection
EndGlobal
